// !$*UTF8*$!
{
	archiveVersion = 1;
	classes = {
	};
	objectVersion = 56;
	objects = {

/* Begin PBXBuildFile section */
		231617132AD4E9740038A32B /* Chibi.swift in Sources */ = {isa = PBXBuildFile; fileRef = 231617122AD4E9740038A32B /* Chibi.swift */; };
		231617152AD4E9740038A32B /* ContentView.swift in Sources */ = {isa = PBXBuildFile; fileRef = 231617142AD4E9740038A32B /* ContentView.swift */; };
		231617172AD4E9750038A32B /* Assets.xcassets in Resources */ = {isa = PBXBuildFile; fileRef = 231617162AD4E9750038A32B /* Assets.xcassets */; };
		2316171A2AD4E9750038A32B /* Preview Assets.xcassets in Resources */ = {isa = PBXBuildFile; fileRef = 231617192AD4E9750038A32B /* Preview Assets.xcassets */; };
		231617212AD4FA050038A32B /* UINavigationBarAppearanceExtension.swift in Sources */ = {isa = PBXBuildFile; fileRef = 231617202AD4FA050038A32B /* UINavigationBarAppearanceExtension.swift */; };
		231617242AD604130038A32B /* ChatInputView.swift in Sources */ = {isa = PBXBuildFile; fileRef = 231617232AD604130038A32B /* ChatInputView.swift */; };
		231617262AD604340038A32B /* ChatMessagesListView.swift in Sources */ = {isa = PBXBuildFile; fileRef = 231617252AD604340038A32B /* ChatMessagesListView.swift */; };
		231617282AD6046A0038A32B /* ChatNavigationToolbar.swift in Sources */ = {isa = PBXBuildFile; fileRef = 231617272AD6046A0038A32B /* ChatNavigationToolbar.swift */; };
		2316172B2AD63AEE0038A32B /* PeerConnectivityManager.swift in Sources */ = {isa = PBXBuildFile; fileRef = 2316172A2AD63AEE0038A32B /* PeerConnectivityManager.swift */; };
		2316172F2AD63CBE0038A32B /* ChatPeersList.swift in Sources */ = {isa = PBXBuildFile; fileRef = 2316172E2AD63CBE0038A32B /* ChatPeersList.swift */; };
		231617332AD66A490038A32B /* ChatAddPeersList.swift in Sources */ = {isa = PBXBuildFile; fileRef = 231617322AD66A490038A32B /* ChatAddPeersList.swift */; };
		231617362AD66B560038A32B /* ChatPeersListViewModel.swift in Sources */ = {isa = PBXBuildFile; fileRef = 231617352AD66B560038A32B /* ChatPeersListViewModel.swift */; };
		231617412AD66CF10038A32B /* ViewState.swift in Sources */ = {isa = PBXBuildFile; fileRef = 231617402AD66CF10038A32B /* ViewState.swift */; };
/* End PBXBuildFile section */

/* Begin PBXFileReference section */
		2311E9162AD67C8A0006F60D /* Info.plist */ = {isa = PBXFileReference; lastKnownFileType = text.plist; path = Info.plist; sourceTree = "<group>"; };
		2316170F2AD4E9740038A32B /* chibi.app */ = {isa = PBXFileReference; explicitFileType = wrapper.application; includeInIndex = 0; path = chibi.app; sourceTree = BUILT_PRODUCTS_DIR; };
		231617122AD4E9740038A32B /* Chibi.swift */ = {isa = PBXFileReference; lastKnownFileType = sourcecode.swift; path = Chibi.swift; sourceTree = "<group>"; };
		231617142AD4E9740038A32B /* ContentView.swift */ = {isa = PBXFileReference; lastKnownFileType = sourcecode.swift; path = ContentView.swift; sourceTree = "<group>"; };
		231617162AD4E9750038A32B /* Assets.xcassets */ = {isa = PBXFileReference; lastKnownFileType = folder.assetcatalog; path = Assets.xcassets; sourceTree = "<group>"; };
		231617192AD4E9750038A32B /* Preview Assets.xcassets */ = {isa = PBXFileReference; lastKnownFileType = folder.assetcatalog; path = "Preview Assets.xcassets"; sourceTree = "<group>"; };
		231617202AD4FA050038A32B /* UINavigationBarAppearanceExtension.swift */ = {isa = PBXFileReference; lastKnownFileType = sourcecode.swift; path = UINavigationBarAppearanceExtension.swift; sourceTree = "<group>"; };
		231617232AD604130038A32B /* ChatInputView.swift */ = {isa = PBXFileReference; lastKnownFileType = sourcecode.swift; path = ChatInputView.swift; sourceTree = "<group>"; };
		231617252AD604340038A32B /* ChatMessagesListView.swift */ = {isa = PBXFileReference; lastKnownFileType = sourcecode.swift; path = ChatMessagesListView.swift; sourceTree = "<group>"; };
		231617272AD6046A0038A32B /* ChatNavigationToolbar.swift */ = {isa = PBXFileReference; lastKnownFileType = sourcecode.swift; path = ChatNavigationToolbar.swift; sourceTree = "<group>"; };
		2316172A2AD63AEE0038A32B /* PeerConnectivityManager.swift */ = {isa = PBXFileReference; lastKnownFileType = sourcecode.swift; path = PeerConnectivityManager.swift; sourceTree = "<group>"; };
		2316172E2AD63CBE0038A32B /* ChatPeersList.swift */ = {isa = PBXFileReference; lastKnownFileType = sourcecode.swift; path = ChatPeersList.swift; sourceTree = "<group>"; };
		231617322AD66A490038A32B /* ChatAddPeersList.swift */ = {isa = PBXFileReference; lastKnownFileType = sourcecode.swift; path = ChatAddPeersList.swift; sourceTree = "<group>"; };
		231617352AD66B560038A32B /* ChatPeersListViewModel.swift */ = {isa = PBXFileReference; lastKnownFileType = sourcecode.swift; path = ChatPeersListViewModel.swift; sourceTree = "<group>"; };
		231617402AD66CF10038A32B /* ViewState.swift */ = {isa = PBXFileReference; lastKnownFileType = sourcecode.swift; path = ViewState.swift; sourceTree = "<group>"; };
/* End PBXFileReference section */

/* Begin PBXFrameworksBuildPhase section */
		2316170C2AD4E9740038A32B /* Frameworks */ = {
			isa = PBXFrameworksBuildPhase;
			buildActionMask = 2147483647;
			files = (
			);
			runOnlyForDeploymentPostprocessing = 0;
		};
/* End PBXFrameworksBuildPhase section */

/* Begin PBXGroup section */
		231617062AD4E9740038A32B = {
			isa = PBXGroup;
			children = (
				231617112AD4E9740038A32B /* chibi */,
				231617102AD4E9740038A32B /* Products */,
			);
			sourceTree = "<group>";
		};
		231617102AD4E9740038A32B /* Products */ = {
			isa = PBXGroup;
			children = (
				2316170F2AD4E9740038A32B /* chibi.app */,
			);
			name = Products;
			sourceTree = "<group>";
		};
		231617112AD4E9740038A32B /* chibi */ = {
			isa = PBXGroup;
			children = (
				2311E9162AD67C8A0006F60D /* Info.plist */,
				2316173F2AD66CA80038A32B /* Common */,
				2316172C2AD63B510038A32B /* Extensions */,
				231617292AD63AD10038A32B /* Managers */,
				231617222AD604040038A32B /* Chat */,
				2316172D2AD63BF10038A32B /* App */,
				231617162AD4E9750038A32B /* Assets.xcassets */,
				231617182AD4E9750038A32B /* Preview Content */,
			);
			path = chibi;
			sourceTree = "<group>";
		};
		231617182AD4E9750038A32B /* Preview Content */ = {
			isa = PBXGroup;
			children = (
				231617192AD4E9750038A32B /* Preview Assets.xcassets */,
			);
			path = "Preview Content";
			sourceTree = "<group>";
		};
		231617222AD604040038A32B /* Chat */ = {
			isa = PBXGroup;
			children = (
				231617342AD66B4E0038A32B /* View Models */,
				231617232AD604130038A32B /* ChatInputView.swift */,
				231617252AD604340038A32B /* ChatMessagesListView.swift */,
				231617272AD6046A0038A32B /* ChatNavigationToolbar.swift */,
				2316172E2AD63CBE0038A32B /* ChatPeersList.swift */,
				231617322AD66A490038A32B /* ChatAddPeersList.swift */,
			);
			path = Chat;
			sourceTree = "<group>";
		};
		231617292AD63AD10038A32B /* Managers */ = {
			isa = PBXGroup;
			children = (
				2316172A2AD63AEE0038A32B /* PeerConnectivityManager.swift */,
			);
			path = Managers;
			sourceTree = "<group>";
		};
		2316172C2AD63B510038A32B /* Extensions */ = {
			isa = PBXGroup;
			children = (
				2316173D2AD66BF90038A32B /* UIKit */,
			);
			path = Extensions;
			sourceTree = "<group>";
		};
		2316172D2AD63BF10038A32B /* App */ = {
			isa = PBXGroup;
			children = (
				231617122AD4E9740038A32B /* Chibi.swift */,
				231617142AD4E9740038A32B /* ContentView.swift */,
			);
			path = App;
			sourceTree = "<group>";
		};
		231617342AD66B4E0038A32B /* View Models */ = {
			isa = PBXGroup;
			children = (
				231617352AD66B560038A32B /* ChatPeersListViewModel.swift */,
			);
			path = "View Models";
			sourceTree = "<group>";
		};
		2316173D2AD66BF90038A32B /* UIKit */ = {
			isa = PBXGroup;
			children = (
				231617202AD4FA050038A32B /* UINavigationBarAppearanceExtension.swift */,
			);
			path = UIKit;
			sourceTree = "<group>";
		};
		2316173F2AD66CA80038A32B /* Common */ = {
			isa = PBXGroup;
			children = (
				231617402AD66CF10038A32B /* ViewState.swift */,
			);
			path = Common;
			sourceTree = "<group>";
		};
/* End PBXGroup section */

/* Begin PBXNativeTarget section */
		2316170E2AD4E9740038A32B /* chibi */ = {
			isa = PBXNativeTarget;
			buildConfigurationList = 2316171D2AD4E9750038A32B /* Build configuration list for PBXNativeTarget "chibi" */;
			buildPhases = (
				2316170B2AD4E9740038A32B /* Sources */,
				2316170C2AD4E9740038A32B /* Frameworks */,
				2316170D2AD4E9740038A32B /* Resources */,
			);
			buildRules = (
			);
			dependencies = (
			);
			name = chibi;
			productName = chibi;
			productReference = 2316170F2AD4E9740038A32B /* chibi.app */;
			productType = "com.apple.product-type.application";
		};
/* End PBXNativeTarget section */

/* Begin PBXProject section */
		231617072AD4E9740038A32B /* Project object */ = {
			isa = PBXProject;
			attributes = {
				BuildIndependentTargetsInParallel = 1;
				LastSwiftUpdateCheck = 1500;
				LastUpgradeCheck = 1500;
				TargetAttributes = {
					2316170E2AD4E9740038A32B = {
						CreatedOnToolsVersion = 15.0;
					};
				};
			};
			buildConfigurationList = 2316170A2AD4E9740038A32B /* Build configuration list for PBXProject "chibi" */;
			compatibilityVersion = "Xcode 14.0";
			developmentRegion = en;
			hasScannedForEncodings = 0;
			knownRegions = (
				en,
				Base,
			);
			mainGroup = 231617062AD4E9740038A32B;
			productRefGroup = 231617102AD4E9740038A32B /* Products */;
			projectDirPath = "";
			projectRoot = "";
			targets = (
				2316170E2AD4E9740038A32B /* chibi */,
			);
		};
/* End PBXProject section */

/* Begin PBXResourcesBuildPhase section */
		2316170D2AD4E9740038A32B /* Resources */ = {
			isa = PBXResourcesBuildPhase;
			buildActionMask = 2147483647;
			files = (
				2316171A2AD4E9750038A32B /* Preview Assets.xcassets in Resources */,
				231617172AD4E9750038A32B /* Assets.xcassets in Resources */,
			);
			runOnlyForDeploymentPostprocessing = 0;
		};
/* End PBXResourcesBuildPhase section */

/* Begin PBXSourcesBuildPhase section */
		2316170B2AD4E9740038A32B /* Sources */ = {
			isa = PBXSourcesBuildPhase;
			buildActionMask = 2147483647;
			files = (
				231617152AD4E9740038A32B /* ContentView.swift in Sources */,
				231617262AD604340038A32B /* ChatMessagesListView.swift in Sources */,
				2316172B2AD63AEE0038A32B /* PeerConnectivityManager.swift in Sources */,
				231617242AD604130038A32B /* ChatInputView.swift in Sources */,
				2316172F2AD63CBE0038A32B /* ChatPeersList.swift in Sources */,
				231617282AD6046A0038A32B /* ChatNavigationToolbar.swift in Sources */,
				231617212AD4FA050038A32B /* UINavigationBarAppearanceExtension.swift in Sources */,
				231617132AD4E9740038A32B /* Chibi.swift in Sources */,
				231617362AD66B560038A32B /* ChatPeersListViewModel.swift in Sources */,
				231617332AD66A490038A32B /* ChatAddPeersList.swift in Sources */,
				231617412AD66CF10038A32B /* ViewState.swift in Sources */,
			);
			runOnlyForDeploymentPostprocessing = 0;
		};
/* End PBXSourcesBuildPhase section */

/* Begin XCBuildConfiguration section */
		2316171B2AD4E9750038A32B /* Debug */ = {
			isa = XCBuildConfiguration;
			buildSettings = {
				ALWAYS_SEARCH_USER_PATHS = NO;
				ASSETCATALOG_COMPILER_GENERATE_SWIFT_ASSET_SYMBOL_EXTENSIONS = YES;
				CLANG_ANALYZER_NONNULL = YES;
				CLANG_ANALYZER_NUMBER_OBJECT_CONVERSION = YES_AGGRESSIVE;
				CLANG_CXX_LANGUAGE_STANDARD = "gnu++20";
				CLANG_ENABLE_MODULES = YES;
				CLANG_ENABLE_OBJC_ARC = YES;
				CLANG_ENABLE_OBJC_WEAK = YES;
				CLANG_WARN_BLOCK_CAPTURE_AUTORELEASING = YES;
				CLANG_WARN_BOOL_CONVERSION = YES;
				CLANG_WARN_COMMA = YES;
				CLANG_WARN_CONSTANT_CONVERSION = YES;
				CLANG_WARN_DEPRECATED_OBJC_IMPLEMENTATIONS = YES;
				CLANG_WARN_DIRECT_OBJC_ISA_USAGE = YES_ERROR;
				CLANG_WARN_DOCUMENTATION_COMMENTS = YES;
				CLANG_WARN_EMPTY_BODY = YES;
				CLANG_WARN_ENUM_CONVERSION = YES;
				CLANG_WARN_INFINITE_RECURSION = YES;
				CLANG_WARN_INT_CONVERSION = YES;
				CLANG_WARN_NON_LITERAL_NULL_CONVERSION = YES;
				CLANG_WARN_OBJC_IMPLICIT_RETAIN_SELF = YES;
				CLANG_WARN_OBJC_LITERAL_CONVERSION = YES;
				CLANG_WARN_OBJC_ROOT_CLASS = YES_ERROR;
				CLANG_WARN_QUOTED_INCLUDE_IN_FRAMEWORK_HEADER = YES;
				CLANG_WARN_RANGE_LOOP_ANALYSIS = YES;
				CLANG_WARN_STRICT_PROTOTYPES = YES;
				CLANG_WARN_SUSPICIOUS_MOVE = YES;
				CLANG_WARN_UNGUARDED_AVAILABILITY = YES_AGGRESSIVE;
				CLANG_WARN_UNREACHABLE_CODE = YES;
				CLANG_WARN__DUPLICATE_METHOD_MATCH = YES;
				COPY_PHASE_STRIP = NO;
				DEBUG_INFORMATION_FORMAT = dwarf;
				ENABLE_STRICT_OBJC_MSGSEND = YES;
				ENABLE_TESTABILITY = YES;
				ENABLE_USER_SCRIPT_SANDBOXING = YES;
				GCC_C_LANGUAGE_STANDARD = gnu17;
				GCC_DYNAMIC_NO_PIC = NO;
				GCC_NO_COMMON_BLOCKS = YES;
				GCC_OPTIMIZATION_LEVEL = 0;
				GCC_PREPROCESSOR_DEFINITIONS = (
					"DEBUG=1",
					"$(inherited)",
				);
				GCC_WARN_64_TO_32_BIT_CONVERSION = YES;
				GCC_WARN_ABOUT_RETURN_TYPE = YES_ERROR;
				GCC_WARN_UNDECLARED_SELECTOR = YES;
				GCC_WARN_UNINITIALIZED_AUTOS = YES_AGGRESSIVE;
				GCC_WARN_UNUSED_FUNCTION = YES;
				GCC_WARN_UNUSED_VARIABLE = YES;
				IPHONEOS_DEPLOYMENT_TARGET = 17.0;
				LOCALIZATION_PREFERS_STRING_CATALOGS = YES;
				MTL_ENABLE_DEBUG_INFO = INCLUDE_SOURCE;
				MTL_FAST_MATH = YES;
				ONLY_ACTIVE_ARCH = YES;
				SDKROOT = iphoneos;
				SWIFT_ACTIVE_COMPILATION_CONDITIONS = "DEBUG $(inherited)";
				SWIFT_OPTIMIZATION_LEVEL = "-Onone";
			};
			name = Debug;
		};
		2316171C2AD4E9750038A32B /* Release */ = {
			isa = XCBuildConfiguration;
			buildSettings = {
				ALWAYS_SEARCH_USER_PATHS = NO;
				ASSETCATALOG_COMPILER_GENERATE_SWIFT_ASSET_SYMBOL_EXTENSIONS = YES;
				CLANG_ANALYZER_NONNULL = YES;
				CLANG_ANALYZER_NUMBER_OBJECT_CONVERSION = YES_AGGRESSIVE;
				CLANG_CXX_LANGUAGE_STANDARD = "gnu++20";
				CLANG_ENABLE_MODULES = YES;
				CLANG_ENABLE_OBJC_ARC = YES;
				CLANG_ENABLE_OBJC_WEAK = YES;
				CLANG_WARN_BLOCK_CAPTURE_AUTORELEASING = YES;
				CLANG_WARN_BOOL_CONVERSION = YES;
				CLANG_WARN_COMMA = YES;
				CLANG_WARN_CONSTANT_CONVERSION = YES;
				CLANG_WARN_DEPRECATED_OBJC_IMPLEMENTATIONS = YES;
				CLANG_WARN_DIRECT_OBJC_ISA_USAGE = YES_ERROR;
				CLANG_WARN_DOCUMENTATION_COMMENTS = YES;
				CLANG_WARN_EMPTY_BODY = YES;
				CLANG_WARN_ENUM_CONVERSION = YES;
				CLANG_WARN_INFINITE_RECURSION = YES;
				CLANG_WARN_INT_CONVERSION = YES;
				CLANG_WARN_NON_LITERAL_NULL_CONVERSION = YES;
				CLANG_WARN_OBJC_IMPLICIT_RETAIN_SELF = YES;
				CLANG_WARN_OBJC_LITERAL_CONVERSION = YES;
				CLANG_WARN_OBJC_ROOT_CLASS = YES_ERROR;
				CLANG_WARN_QUOTED_INCLUDE_IN_FRAMEWORK_HEADER = YES;
				CLANG_WARN_RANGE_LOOP_ANALYSIS = YES;
				CLANG_WARN_STRICT_PROTOTYPES = YES;
				CLANG_WARN_SUSPICIOUS_MOVE = YES;
				CLANG_WARN_UNGUARDED_AVAILABILITY = YES_AGGRESSIVE;
				CLANG_WARN_UNREACHABLE_CODE = YES;
				CLANG_WARN__DUPLICATE_METHOD_MATCH = YES;
				COPY_PHASE_STRIP = NO;
				DEBUG_INFORMATION_FORMAT = "dwarf-with-dsym";
				ENABLE_NS_ASSERTIONS = NO;
				ENABLE_STRICT_OBJC_MSGSEND = YES;
				ENABLE_USER_SCRIPT_SANDBOXING = YES;
				GCC_C_LANGUAGE_STANDARD = gnu17;
				GCC_NO_COMMON_BLOCKS = YES;
				GCC_WARN_64_TO_32_BIT_CONVERSION = YES;
				GCC_WARN_ABOUT_RETURN_TYPE = YES_ERROR;
				GCC_WARN_UNDECLARED_SELECTOR = YES;
				GCC_WARN_UNINITIALIZED_AUTOS = YES_AGGRESSIVE;
				GCC_WARN_UNUSED_FUNCTION = YES;
				GCC_WARN_UNUSED_VARIABLE = YES;
				IPHONEOS_DEPLOYMENT_TARGET = 17.0;
				LOCALIZATION_PREFERS_STRING_CATALOGS = YES;
				MTL_ENABLE_DEBUG_INFO = NO;
				MTL_FAST_MATH = YES;
				SDKROOT = iphoneos;
				SWIFT_COMPILATION_MODE = wholemodule;
				VALIDATE_PRODUCT = YES;
			};
			name = Release;
		};
		2316171E2AD4E9750038A32B /* Debug */ = {
			isa = XCBuildConfiguration;
			buildSettings = {
				ASSETCATALOG_COMPILER_APPICON_NAME = AppIcon;
				ASSETCATALOG_COMPILER_GLOBAL_ACCENT_COLOR_NAME = AccentColor;
				CODE_SIGN_STYLE = Automatic;
				CURRENT_PROJECT_VERSION = 1;
				DEVELOPMENT_ASSET_PATHS = "\"chibi/Preview Content\"";
				DEVELOPMENT_TEAM = RYK6GDE7V9;
				ENABLE_PREVIEWS = YES;
				GENERATE_INFOPLIST_FILE = YES;
				INFOPLIST_FILE = chibi/Info.plist;
				INFOPLIST_KEY_NSLocalNetworkUsageDescription = "To find nearby peers to chat with";
				INFOPLIST_KEY_UIApplicationSceneManifest_Generation = YES;
				INFOPLIST_KEY_UIApplicationSupportsIndirectInputEvents = YES;
				INFOPLIST_KEY_UILaunchScreen_Generation = YES;
				INFOPLIST_KEY_UISupportedInterfaceOrientations_iPad = "UIInterfaceOrientationPortrait UIInterfaceOrientationPortraitUpsideDown UIInterfaceOrientationLandscapeLeft UIInterfaceOrientationLandscapeRight";
				INFOPLIST_KEY_UISupportedInterfaceOrientations_iPhone = "UIInterfaceOrientationPortrait UIInterfaceOrientationLandscapeLeft UIInterfaceOrientationLandscapeRight";
				IPHONEOS_DEPLOYMENT_TARGET = 16.7;
				LD_RUNPATH_SEARCH_PATHS = (
					"$(inherited)",
					"@executable_path/Frameworks",
				);
				MARKETING_VERSION = 0.1;
				PRODUCT_BUNDLE_IDENTIFIER = com.notenoughscience.chibi;
				PRODUCT_NAME = "$(TARGET_NAME)";
				SUPPORTED_PLATFORMS = "iphoneos iphonesimulator";
				SUPPORTS_MACCATALYST = NO;
				SUPPORTS_MAC_DESIGNED_FOR_IPHONE_IPAD = NO;
				SWIFT_EMIT_LOC_STRINGS = YES;
				SWIFT_VERSION = 5.0;
				TARGETED_DEVICE_FAMILY = 1;
			};
			name = Debug;
		};
		2316171F2AD4E9750038A32B /* Release */ = {
			isa = XCBuildConfiguration;
			buildSettings = {
				ASSETCATALOG_COMPILER_APPICON_NAME = AppIcon;
				ASSETCATALOG_COMPILER_GLOBAL_ACCENT_COLOR_NAME = AccentColor;
				CODE_SIGN_STYLE = Automatic;
				CURRENT_PROJECT_VERSION = 1;
				DEVELOPMENT_ASSET_PATHS = "\"chibi/Preview Content\"";
				DEVELOPMENT_TEAM = RYK6GDE7V9;
				ENABLE_PREVIEWS = YES;
				GENERATE_INFOPLIST_FILE = YES;
				INFOPLIST_FILE = chibi/Info.plist;
				INFOPLIST_KEY_NSLocalNetworkUsageDescription = "To find nearby peers to chat with";
				INFOPLIST_KEY_UIApplicationSceneManifest_Generation = YES;
				INFOPLIST_KEY_UIApplicationSupportsIndirectInputEvents = YES;
				INFOPLIST_KEY_UILaunchScreen_Generation = YES;
				INFOPLIST_KEY_UISupportedInterfaceOrientations_iPad = "UIInterfaceOrientationPortrait UIInterfaceOrientationPortraitUpsideDown UIInterfaceOrientationLandscapeLeft UIInterfaceOrientationLandscapeRight";
				INFOPLIST_KEY_UISupportedInterfaceOrientations_iPhone = "UIInterfaceOrientationPortrait UIInterfaceOrientationLandscapeLeft UIInterfaceOrientationLandscapeRight";
				IPHONEOS_DEPLOYMENT_TARGET = 16.7;
				LD_RUNPATH_SEARCH_PATHS = (
					"$(inherited)",
					"@executable_path/Frameworks",
				);
				MARKETING_VERSION = 0.1;
				PRODUCT_BUNDLE_IDENTIFIER = com.notenoughscience.chibi;
				PRODUCT_NAME = "$(TARGET_NAME)";
				SUPPORTED_PLATFORMS = "iphoneos iphonesimulator";
				SUPPORTS_MACCATALYST = NO;
				SUPPORTS_MAC_DESIGNED_FOR_IPHONE_IPAD = NO;
				SWIFT_EMIT_LOC_STRINGS = YES;
				SWIFT_VERSION = 5.0;
				TARGETED_DEVICE_FAMILY = 1;
			};
			name = Release;
		};
/* End XCBuildConfiguration section */

/* Begin XCConfigurationList section */
		2316170A2AD4E9740038A32B /* Build configuration list for PBXProject "chibi" */ = {
			isa = XCConfigurationList;
			buildConfigurations = (
				2316171B2AD4E9750038A32B /* Debug */,
				2316171C2AD4E9750038A32B /* Release */,
			);
			defaultConfigurationIsVisible = 0;
			defaultConfigurationName = Release;
		};
		2316171D2AD4E9750038A32B /* Build configuration list for PBXNativeTarget "chibi" */ = {
			isa = XCConfigurationList;
			buildConfigurations = (
				2316171E2AD4E9750038A32B /* Debug */,
				2316171F2AD4E9750038A32B /* Release */,
			);
			defaultConfigurationIsVisible = 0;
			defaultConfigurationName = Release;
		};
/* End XCConfigurationList section */
	};
	rootObject = 231617072AD4E9740038A32B /* Project object */;
}
